
Microsoft Visual Studio Solution File, Format Version 12.00
# Visual Studio Version 17
VisualStudioVersion = 17.1.32421.90
MinimumVisualStudioVersion = 10.0.40219.1
Project("{FAE04EC0-301F-11D3-BF4B-00C04F79EFBC}") = "Ispit.Konzola", "Ispit.Konzola\Ispit.Konzola.csproj", "{2BC56671-29C5-47FF-A59C-3E49773A61AA}"
EndProject
Global
	GlobalSection(SolutionConfigurationPlatforms) = preSolution
		Debug|Any CPU = Debug|Any CPU
		Release|Any CPU = Release|Any CPU
	EndGlobalSection
	GlobalSection(ProjectConfigurationPlatforms) = postSolution
		{2BC56671-29C5-47FF-A59C-3E49773A61AA}.Debug|Any CPU.ActiveCfg = Debug|Any CPU
		{2BC56671-29C5-47FF-A59C-3E49773A61AA}.Debug|Any CPU.Build.0 = Debug|Any CPU
		{2BC56671-29C5-47FF-A59C-3E49773A61AA}.Release|Any CPU.ActiveCfg = Release|Any CPU
		{2BC56671-29C5-47FF-A59C-3E49773A61AA}.Release|Any CPU.Build.0 = Release|Any CPU
	EndGlobalSection
	GlobalSection(SolutionProperties) = preSolution
		HideSolutionNode = FALSE
	EndGlobalSection
	GlobalSection(ExtensibilityGlobals) = postSolution
		SolutionGuid = {94620058-976A-43CB-A72B-52932D2F62AD}
	EndGlobalSection
EndGlobal
